
Microsoft Visual Studio Solution File, Format Version 12.00
# Visual Studio Version 16
VisualStudioVersion = 16.0.29020.237
MinimumVisualStudioVersion = 10.0.40219.1
Project("{9A19103F-16F7-4668-BE54-9A1E7A4F7556}") = "Locadora", "LocadoraSolutis\Locadora.csproj", "{F6A9171A-2105-4253-A7D0-27ECA8E70B21}"
EndProject
Global
	GlobalSection(SolutionConfigurationPlatforms) = preSolution
		Debug|Any CPU = Debug|Any CPU
		Release|Any CPU = Release|Any CPU
	EndGlobalSection
	GlobalSection(ProjectConfigurationPlatforms) = postSolution
		{F6A9171A-2105-4253-A7D0-27ECA8E70B21}.Debug|Any CPU.ActiveCfg = Debug|Any CPU
		{F6A9171A-2105-4253-A7D0-27ECA8E70B21}.Debug|Any CPU.Build.0 = Debug|Any CPU
		{F6A9171A-2105-4253-A7D0-27ECA8E70B21}.Release|Any CPU.ActiveCfg = Release|Any CPU
		{F6A9171A-2105-4253-A7D0-27ECA8E70B21}.Release|Any CPU.Build.0 = Release|Any CPU
	EndGlobalSection
	GlobalSection(SolutionProperties) = preSolution
		HideSolutionNode = FALSE
	EndGlobalSection
	GlobalSection(ExtensibilityGlobals) = postSolution
		SolutionGuid = {21DFA8EF-16A5-43E7-8938-6A29B3E5FF09}
	EndGlobalSection
EndGlobal
